
Microsoft Visual Studio Solution File, Format Version 12.00
# Visual Studio 2012
Project("{8BC9CEB8-8B4A-11D0-8D11-00A0C91BC942}") = "CICMS", "CICMS\CICMS.vcxproj", "{40EC5004-6811-4836-B624-FCD1B9BE2985}"
EndProject
Global
	GlobalSection(SolutionConfigurationPlatforms) = preSolution
		Release|Win32 = Release|Win32
	EndGlobalSection
	GlobalSection(ProjectConfigurationPlatforms) = postSolution
		{40EC5004-6811-4836-B624-FCD1B9BE2985}.Release|Win32.ActiveCfg = Release|Win32
		{40EC5004-6811-4836-B624-FCD1B9BE2985}.Release|Win32.Build.0 = Release|Win32
	EndGlobalSection
	GlobalSection(SolutionProperties) = preSolution
		HideSolutionNode = FALSE
	EndGlobalSection
EndGlobal
